// !$*UTF8*$!
{
	archiveVersion = 1;
	classes = {
	};
	objectVersion = 46;
	objects = {

/* Begin PBXBuildFile section */
		3BFD9CB16F2287AB3BECBB6D /* Pods_iOS_Starter_Project.framework in Frameworks */ = {isa = PBXBuildFile; fileRef = B293BD2F83166F579BCF453B /* Pods_iOS_Starter_Project.framework */; };
		ADEE88901EADFDF10021610E /* AppDelegate.swift in Sources */ = {isa = PBXBuildFile; fileRef = ADEE888F1EADFDF10021610E /* AppDelegate.swift */; };
		ADEE88921EADFDF10021610E /* ViewController.swift in Sources */ = {isa = PBXBuildFile; fileRef = ADEE88911EADFDF10021610E /* ViewController.swift */; };
		ADEE88951EADFDF10021610E /* Main.storyboard in Resources */ = {isa = PBXBuildFile; fileRef = ADEE88931EADFDF10021610E /* Main.storyboard */; };
		ADEE88971EADFDF10021610E /* Assets.xcassets in Resources */ = {isa = PBXBuildFile; fileRef = ADEE88961EADFDF10021610E /* Assets.xcassets */; };
		ADEE889A1EADFDF10021610E /* LaunchScreen.storyboard in Resources */ = {isa = PBXBuildFile; fileRef = ADEE88981EADFDF10021610E /* LaunchScreen.storyboard */; };
/* End PBXBuildFile section */

/* Begin PBXFileReference section */
		62891B39365B83B849B2F74E /* Pods-iOS-Starter-Project.release.xcconfig */ = {isa = PBXFileReference; includeInIndex = 1; lastKnownFileType = text.xcconfig; name = "Pods-iOS-Starter-Project.release.xcconfig"; path = "Pods/Target Support Files/Pods-iOS-Starter-Project/Pods-iOS-Starter-Project.release.xcconfig"; sourceTree = "<group>"; };
		ADEE888C1EADFDF10021610E /* iOS-Starter-Project.app */ = {isa = PBXFileReference; explicitFileType = wrapper.application; includeInIndex = 0; path = "iOS-Starter-Project.app"; sourceTree = BUILT_PRODUCTS_DIR; };
		ADEE888F1EADFDF10021610E /* AppDelegate.swift */ = {isa = PBXFileReference; lastKnownFileType = sourcecode.swift; path = AppDelegate.swift; sourceTree = "<group>"; };
		ADEE88911EADFDF10021610E /* ViewController.swift */ = {isa = PBXFileReference; lastKnownFileType = sourcecode.swift; path = ViewController.swift; sourceTree = "<group>"; };
		ADEE88941EADFDF10021610E /* Base */ = {isa = PBXFileReference; lastKnownFileType = file.storyboard; name = Base; path = Base.lproj/Main.storyboard; sourceTree = "<group>"; };
		ADEE88961EADFDF10021610E /* Assets.xcassets */ = {isa = PBXFileReference; lastKnownFileType = folder.assetcatalog; path = Assets.xcassets; sourceTree = "<group>"; };
		ADEE88991EADFDF10021610E /* Base */ = {isa = PBXFileReference; lastKnownFileType = file.storyboard; name = Base; path = Base.lproj/LaunchScreen.storyboard; sourceTree = "<group>"; };
		ADEE889B1EADFDF10021610E /* Info.plist */ = {isa = PBXFileReference; lastKnownFileType = text.plist.xml; path = Info.plist; sourceTree = "<group>"; };
		B293BD2F83166F579BCF453B /* Pods_iOS_Starter_Project.framework */ = {isa = PBXFileReference; explicitFileType = wrapper.framework; includeInIndex = 0; path = Pods_iOS_Starter_Project.framework; sourceTree = BUILT_PRODUCTS_DIR; };
		FA36DE7C59AB06D8083514A8 /* Pods-iOS-Starter-Project.debug.xcconfig */ = {isa = PBXFileReference; includeInIndex = 1; lastKnownFileType = text.xcconfig; name = "Pods-iOS-Starter-Project.debug.xcconfig"; path = "Pods/Target Support Files/Pods-iOS-Starter-Project/Pods-iOS-Starter-Project.debug.xcconfig"; sourceTree = "<group>"; };
/* End PBXFileReference section */

/* Begin PBXFrameworksBuildPhase section */
		ADEE88891EADFDF10021610E /* Frameworks */ = {
			isa = PBXFrameworksBuildPhase;
			buildActionMask = 2147483647;
			files = (
				3BFD9CB16F2287AB3BECBB6D /* Pods_iOS_Starter_Project.framework in Frameworks */,
			);
			runOnlyForDeploymentPostprocessing = 0;
		};
/* End PBXFrameworksBuildPhase section */

/* Begin PBXGroup section */
		4173A54324009189FE8D8EDB /* Pods */ = {
			isa = PBXGroup;
			children = (
				FA36DE7C59AB06D8083514A8 /* Pods-iOS-Starter-Project.debug.xcconfig */,
				62891B39365B83B849B2F74E /* Pods-iOS-Starter-Project.release.xcconfig */,
			);
			name = Pods;
			sourceTree = "<group>";
		};
		ADEE88831EADFDF10021610E = {
			isa = PBXGroup;
			children = (
				ADEE888E1EADFDF10021610E /* iOS-Starter-Project */,
				ADEE888D1EADFDF10021610E /* Products */,
				4173A54324009189FE8D8EDB /* Pods */,
				B65FE00DA194E633F816BD40 /* Frameworks */,
			);
			sourceTree = "<group>";
		};
		ADEE888D1EADFDF10021610E /* Products */ = {
			isa = PBXGroup;
			children = (
				ADEE888C1EADFDF10021610E /* iOS-Starter-Project.app */,
			);
			name = Products;
			sourceTree = "<group>";
		};
		ADEE888E1EADFDF10021610E /* iOS-Starter-Project */ = {
			isa = PBXGroup;
			children = (
				ADEE888F1EADFDF10021610E /* AppDelegate.swift */,
				ADEE88911EADFDF10021610E /* ViewController.swift */,
				ADEE88931EADFDF10021610E /* Main.storyboard */,
				ADEE88961EADFDF10021610E /* Assets.xcassets */,
				ADEE88981EADFDF10021610E /* LaunchScreen.storyboard */,
				ADEE889B1EADFDF10021610E /* Info.plist */,
			);
			path = "iOS-Starter-Project";
			sourceTree = "<group>";
		};
		B65FE00DA194E633F816BD40 /* Frameworks */ = {
			isa = PBXGroup;
			children = (
				B293BD2F83166F579BCF453B /* Pods_iOS_Starter_Project.framework */,
			);
			name = Frameworks;
			sourceTree = "<group>";
		};
/* End PBXGroup section */

/* Begin PBXNativeTarget section */
		ADEE888B1EADFDF10021610E /* iOS-Starter-Project */ = {
			isa = PBXNativeTarget;
			buildConfigurationList = ADEE889E1EADFDF10021610E /* Build configuration list for PBXNativeTarget "iOS-Starter-Project" */;
			buildPhases = (
				967712A4E497874971431572 /* [CP] Check Pods Manifest.lock */,
				ADEE88881EADFDF10021610E /* Sources */,
				ADEE88891EADFDF10021610E /* Frameworks */,
				ADEE888A1EADFDF10021610E /* Resources */,
				DC5D23C700224DB445163EF1 /* [CP] Embed Pods Frameworks */,
				1D3460DE07CA4B30F8F41A6F /* [CP] Copy Pods Resources */,
			);
			buildRules = (
			);
			dependencies = (
			);
			name = "iOS-Starter-Project";
			productName = "iOS-Starter-Project";
			productReference = ADEE888C1EADFDF10021610E /* iOS-Starter-Project.app */;
			productType = "com.apple.product-type.application";
		};
/* End PBXNativeTarget section */

/* Begin PBXProject section */
		ADEE88841EADFDF10021610E /* Project object */ = {
			isa = PBXProject;
			attributes = {
				LastSwiftUpdateCheck = 0830;
				LastUpgradeCheck = 0830;
				ORGANIZATIONNAME = Ragnar;
				TargetAttributes = {
					ADEE888B1EADFDF10021610E = {
						CreatedOnToolsVersion = 8.3;
						ProvisioningStyle = Automatic;
					};
				};
			};
			buildConfigurationList = ADEE88871EADFDF10021610E /* Build configuration list for PBXProject "iOS-Starter-Project" */;
			compatibilityVersion = "Xcode 3.2";
			developmentRegion = English;
			hasScannedForEncodings = 0;
			knownRegions = (
				en,
				Base,
			);
			mainGroup = ADEE88831EADFDF10021610E;
			productRefGroup = ADEE888D1EADFDF10021610E /* Products */;
			projectDirPath = "";
			projectRoot = "";
			targets = (
				ADEE888B1EADFDF10021610E /* iOS-Starter-Project */,
			);
		};
/* End PBXProject section */

/* Begin PBXResourcesBuildPhase section */
		ADEE888A1EADFDF10021610E /* Resources */ = {
			isa = PBXResourcesBuildPhase;
			buildActionMask = 2147483647;
			files = (
				ADEE889A1EADFDF10021610E /* LaunchScreen.storyboard in Resources */,
				ADEE88971EADFDF10021610E /* Assets.xcassets in Resources */,
				ADEE88951EADFDF10021610E /* Main.storyboard in Resources */,
			);
			runOnlyForDeploymentPostprocessing = 0;
		};
/* End PBXResourcesBuildPhase section */

/* Begin PBXShellScriptBuildPhase section */
		1D3460DE07CA4B30F8F41A6F /* [CP] Copy Pods Resources */ = {
			isa = PBXShellScriptBuildPhase;
			buildActionMask = 2147483647;
			files = (
			);
			inputPaths = (
			);
			name = "[CP] Copy Pods Resources";
			outputPaths = (
			);
			runOnlyForDeploymentPostprocessing = 0;
			shellPath = /bin/sh;
			shellScript = "\"${SRCROOT}/Pods/Target Support Files/Pods-iOS-Starter-Project/Pods-iOS-Starter-Project-resources.sh\"\n";
			showEnvVarsInLog = 0;
		};
		967712A4E497874971431572 /* [CP] Check Pods Manifest.lock */ = {
			isa = PBXShellScriptBuildPhase;
			buildActionMask = 2147483647;
			files = (
			);
			inputPaths = (
			);
			name = "[CP] Check Pods Manifest.lock";
			outputPaths = (
			);
			runOnlyForDeploymentPostprocessing = 0;
			shellPath = /bin/sh;
			shellScript = "diff \"${PODS_ROOT}/../Podfile.lock\" \"${PODS_ROOT}/Manifest.lock\" > /dev/null\nif [ $? != 0 ] ; then\n    # print error to STDERR\n    echo \"error: The sandbox is not in sync with the Podfile.lock. Run 'pod install' or update your CocoaPods installation.\" >&2\n    exit 1\nfi\n";
			showEnvVarsInLog = 0;
		};
		DC5D23C700224DB445163EF1 /* [CP] Embed Pods Frameworks */ = {
			isa = PBXShellScriptBuildPhase;
			buildActionMask = 2147483647;
			files = (
			);
			inputPaths = (
			);
			name = "[CP] Embed Pods Frameworks";
			outputPaths = (
			);
			runOnlyForDeploymentPostprocessing = 0;
			shellPath = /bin/sh;
			shellScript = "\"${SRCROOT}/Pods/Target Support Files/Pods-iOS-Starter-Project/Pods-iOS-Starter-Project-frameworks.sh\"\n";
			showEnvVarsInLog = 0;
		};
/* End PBXShellScriptBuildPhase section */

/* Begin PBXSourcesBuildPhase section */
		ADEE88881EADFDF10021610E /* Sources */ = {
			isa = PBXSourcesBuildPhase;
			buildActionMask = 2147483647;
			files = (
				ADEE88921EADFDF10021610E /* ViewController.swift in Sources */,
				ADEE88901EADFDF10021610E /* AppDelegate.swift in Sources */,
			);
			runOnlyForDeploymentPostprocessing = 0;
		};
/* End PBXSourcesBuildPhase section */

/* Begin PBXVariantGroup section */
		ADEE88931EADFDF10021610E /* Main.storyboard */ = {
			isa = PBXVariantGroup;
			children = (
				ADEE88941EADFDF10021610E /* Base */,
			);
			name = Main.storyboard;
			sourceTree = "<group>";
		};
		ADEE88981EADFDF10021610E /* LaunchScreen.storyboard */ = {
			isa = PBXVariantGroup;
			children = (
				ADEE88991EADFDF10021610E /* Base */,
			);
			name = LaunchScreen.storyboard;
			sourceTree = "<group>";
		};
/* End PBXVariantGroup section */

/* Begin XCBuildConfiguration section */
		ADEE889C1EADFDF10021610E /* Debug */ = {
			isa = XCBuildConfiguration;
			buildSettings = {
				ALWAYS_SEARCH_USER_PATHS = NO;
				CLANG_ANALYZER_NONNULL = YES;
				CLANG_ANALYZER_NUMBER_OBJECT_CONVERSION = YES_AGGRESSIVE;
				CLANG_CXX_LANGUAGE_STANDARD = "gnu++0x";
				CLANG_CXX_LIBRARY = "libc++";
				CLANG_ENABLE_MODULES = YES;
				CLANG_ENABLE_OBJC_ARC = YES;
				CLANG_WARN_BOOL_CONVERSION = YES;
				CLANG_WARN_CONSTANT_CONVERSION = YES;
				CLANG_WARN_DIRECT_OBJC_ISA_USAGE = YES_ERROR;
				CLANG_WARN_DOCUMENTATION_COMMENTS = YES;
				CLANG_WARN_EMPTY_BODY = YES;
				CLANG_WARN_ENUM_CONVERSION = YES;
				CLANG_WARN_INFINITE_RECURSION = YES;
				CLANG_WARN_INT_CONVERSION = YES;
				CLANG_WARN_OBJC_ROOT_CLASS = YES_ERROR;
				CLANG_WARN_SUSPICIOUS_MOVE = YES;
				CLANG_WARN_UNREACHABLE_CODE = YES;
				CLANG_WARN__DUPLICATE_METHOD_MATCH = YES;
				"CODE_SIGN_IDENTITY[sdk=iphoneos*]" = "iPhone Developer";
				COPY_PHASE_STRIP = NO;
				DEBUG_INFORMATION_FORMAT = dwarf;
				ENABLE_STRICT_OBJC_MSGSEND = YES;
				ENABLE_TESTABILITY = YES;
				GCC_C_LANGUAGE_STANDARD = gnu99;
				GCC_DYNAMIC_NO_PIC = NO;
				GCC_NO_COMMON_BLOCKS = YES;
				GCC_OPTIMIZATION_LEVEL = 0;
				GCC_PREPROCESSOR_DEFINITIONS = (
					"DEBUG=1",
					"$(inherited)",
				);
				GCC_WARN_64_TO_32_BIT_CONVERSION = YES;
				GCC_WARN_ABOUT_RETURN_TYPE = YES_ERROR;
				GCC_WARN_UNDECLARED_SELECTOR = YES;
				GCC_WARN_UNINITIALIZED_AUTOS = YES_AGGRESSIVE;
				GCC_WARN_UNUSED_FUNCTION = YES;
				GCC_WARN_UNUSED_VARIABLE = YES;
				IPHONEOS_DEPLOYMENT_TARGET = 10.3;
				MTL_ENABLE_DEBUG_INFO = YES;
				ONLY_ACTIVE_ARCH = YES;
				SDKROOT = iphoneos;
				SWIFT_ACTIVE_COMPILATION_CONDITIONS = DEBUG;
				SWIFT_OPTIMIZATION_LEVEL = "-Onone";
				TARGETED_DEVICE_FAMILY = "1,2";
			};
			name = Debug;
		};
		ADEE889D1EADFDF10021610E /* Release */ = {
			isa = XCBuildConfiguration;
			buildSettings = {
				ALWAYS_SEARCH_USER_PATHS = NO;
				CLANG_ANALYZER_NONNULL = YES;
				CLANG_ANALYZER_NUMBER_OBJECT_CONVERSION = YES_AGGRESSIVE;
				CLANG_CXX_LANGUAGE_STANDARD = "gnu++0x";
				CLANG_CXX_LIBRARY = "libc++";
				CLANG_ENABLE_MODULES = YES;
				CLANG_ENABLE_OBJC_ARC = YES;
				CLANG_WARN_BOOL_CONVERSION = YES;
				CLANG_WARN_CONSTANT_CONVERSION = YES;
				CLANG_WARN_DIRECT_OBJC_ISA_USAGE = YES_ERROR;
				CLANG_WARN_DOCUMENTATION_COMMENTS = YES;
				CLANG_WARN_EMPTY_BODY = YES;
				CLANG_WARN_ENUM_CONVERSION = YES;
				CLANG_WARN_INFINITE_RECURSION = YES;
				CLANG_WARN_INT_CONVERSION = YES;
				CLANG_WARN_OBJC_ROOT_CLASS = YES_ERROR;
				CLANG_WARN_SUSPICIOUS_MOVE = YES;
				CLANG_WARN_UNREACHABLE_CODE = YES;
				CLANG_WARN__DUPLICATE_METHOD_MATCH = YES;
				"CODE_SIGN_IDENTITY[sdk=iphoneos*]" = "iPhone Developer";
				COPY_PHASE_STRIP = NO;
				DEBUG_INFORMATION_FORMAT = "dwarf-with-dsym";
				ENABLE_NS_ASSERTIONS = NO;
				ENABLE_STRICT_OBJC_MSGSEND = YES;
				GCC_C_LANGUAGE_STANDARD = gnu99;
				GCC_NO_COMMON_BLOCKS = YES;
				GCC_WARN_64_TO_32_BIT_CONVERSION = YES;
				GCC_WARN_ABOUT_RETURN_TYPE = YES_ERROR;
				GCC_WARN_UNDECLARED_SELECTOR = YES;
				GCC_WARN_UNINITIALIZED_AUTOS = YES_AGGRESSIVE;
				GCC_WARN_UNUSED_FUNCTION = YES;
				GCC_WARN_UNUSED_VARIABLE = YES;
				IPHONEOS_DEPLOYMENT_TARGET = 10.3;
				MTL_ENABLE_DEBUG_INFO = NO;
				SDKROOT = iphoneos;
				SWIFT_OPTIMIZATION_LEVEL = "-Owholemodule";
				TARGETED_DEVICE_FAMILY = "1,2";
				VALIDATE_PRODUCT = YES;
			};
			name = Release;
		};
		ADEE889F1EADFDF10021610E /* Debug */ = {
			isa = XCBuildConfiguration;
			baseConfigurationReference = FA36DE7C59AB06D8083514A8 /* Pods-iOS-Starter-Project.debug.xcconfig */;
			buildSettings = {
				ASSETCATALOG_COMPILER_APPICON_NAME = AppIcon;
				INFOPLIST_FILE = "iOS-Starter-Project/Info.plist";
				LD_RUNPATH_SEARCH_PATHS = "$(inherited) @executable_path/Frameworks";
				PRODUCT_BUNDLE_IDENTIFIER = "Ragnar.iOS-Starter-Project";
				PRODUCT_NAME = "$(TARGET_NAME)";
				SWIFT_VERSION = 3.0;
			};
			name = Debug;
		};
		ADEE88A01EADFDF10021610E /* Release */ = {
			isa = XCBuildConfiguration;
			baseConfigurationReference = 62891B39365B83B849B2F74E /* Pods-iOS-Starter-Project.release.xcconfig */;
			buildSettings = {
				ASSETCATALOG_COMPILER_APPICON_NAME = AppIcon;
				INFOPLIST_FILE = "iOS-Starter-Project/Info.plist";
				LD_RUNPATH_SEARCH_PATHS = "$(inherited) @executable_path/Frameworks";
				PRODUCT_BUNDLE_IDENTIFIER = "Ragnar.iOS-Starter-Project";
				PRODUCT_NAME = "$(TARGET_NAME)";
				SWIFT_VERSION = 3.0;
			};
			name = Release;
		};
/* End XCBuildConfiguration section */

/* Begin XCConfigurationList section */
		ADEE88871EADFDF10021610E /* Build configuration list for PBXProject "iOS-Starter-Project" */ = {
			isa = XCConfigurationList;
			buildConfigurations = (
				ADEE889C1EADFDF10021610E /* Debug */,
				ADEE889D1EADFDF10021610E /* Release */,
			);
			defaultConfigurationIsVisible = 0;
			defaultConfigurationName = Release;
		};
		ADEE889E1EADFDF10021610E /* Build configuration list for PBXNativeTarget "iOS-Starter-Project" */ = {
			isa = XCConfigurationList;
			buildConfigurations = (
				ADEE889F1EADFDF10021610E /* Debug */,
				ADEE88A01EADFDF10021610E /* Release */,
			);
			defaultConfigurationIsVisible = 0;
		};
/* End XCConfigurationList section */
	};
	rootObject = ADEE88841EADFDF10021610E /* Project object */;
}
